// !$*UTF8*$!
{
	archiveVersion = 1;
	classes = {
	};
	objectVersion = 46;
	objects = {

/* Begin PBXBuildFile section */
		C17860C61D0C1A1D0087E13B /* AppDelegate.swift in Sources */ = {isa = PBXBuildFile; fileRef = C17860C51D0C1A1D0087E13B /* AppDelegate.swift */; };
		C17860C81D0C1A1D0087E13B /* ViewController.swift in Sources */ = {isa = PBXBuildFile; fileRef = C17860C71D0C1A1D0087E13B /* ViewController.swift */; };
		C17860CB1D0C1A1D0087E13B /* Main.storyboard in Resources */ = {isa = PBXBuildFile; fileRef = C17860C91D0C1A1D0087E13B /* Main.storyboard */; };
		C17860CD1D0C1A1D0087E13B /* Assets.xcassets in Resources */ = {isa = PBXBuildFile; fileRef = C17860CC1D0C1A1D0087E13B /* Assets.xcassets */; };
		C17860D01D0C1A1D0087E13B /* LaunchScreen.storyboard in Resources */ = {isa = PBXBuildFile; fileRef = C17860CE1D0C1A1D0087E13B /* LaunchScreen.storyboard */; };
		C17860DB1D0C1A1D0087E13B /* _________Tests.swift in Sources */ = {isa = PBXBuildFile; fileRef = C17860DA1D0C1A1D0087E13B /* _________Tests.swift */; };
		C17860E61D0C1A1D0087E13B /* _________UITests.swift in Sources */ = {isa = PBXBuildFile; fileRef = C17860E51D0C1A1D0087E13B /* _________UITests.swift */; };
/* End PBXBuildFile section */

/* Begin PBXContainerItemProxy section */
		C17860D71D0C1A1D0087E13B /* PBXContainerItemProxy */ = {
			isa = PBXContainerItemProxy;
			containerPortal = C17860BA1D0C1A1C0087E13B /* Project object */;
			proxyType = 1;
			remoteGlobalIDString = C17860C11D0C1A1D0087E13B;
			remoteInfo = "シャッフルカード";
		};
		C17860E21D0C1A1D0087E13B /* PBXContainerItemProxy */ = {
			isa = PBXContainerItemProxy;
			containerPortal = C17860BA1D0C1A1C0087E13B /* Project object */;
			proxyType = 1;
			remoteGlobalIDString = C17860C11D0C1A1D0087E13B;
			remoteInfo = "シャッフルカード";
		};
/* End PBXContainerItemProxy section */

/* Begin PBXFileReference section */
		C17860C21D0C1A1D0087E13B /* シャッフルカード.app */ = {isa = PBXFileReference; explicitFileType = wrapper.application; includeInIndex = 0; path = "シャッフルカード.app"; sourceTree = BUILT_PRODUCTS_DIR; };
		C17860C51D0C1A1D0087E13B /* AppDelegate.swift */ = {isa = PBXFileReference; lastKnownFileType = sourcecode.swift; path = AppDelegate.swift; sourceTree = "<group>"; };
		C17860C71D0C1A1D0087E13B /* ViewController.swift */ = {isa = PBXFileReference; lastKnownFileType = sourcecode.swift; path = ViewController.swift; sourceTree = "<group>"; };
		C17860CA1D0C1A1D0087E13B /* Base */ = {isa = PBXFileReference; lastKnownFileType = file.storyboard; name = Base; path = Base.lproj/Main.storyboard; sourceTree = "<group>"; };
		C17860CC1D0C1A1D0087E13B /* Assets.xcassets */ = {isa = PBXFileReference; lastKnownFileType = folder.assetcatalog; path = Assets.xcassets; sourceTree = "<group>"; };
		C17860CF1D0C1A1D0087E13B /* Base */ = {isa = PBXFileReference; lastKnownFileType = file.storyboard; name = Base; path = Base.lproj/LaunchScreen.storyboard; sourceTree = "<group>"; };
		C17860D11D0C1A1D0087E13B /* Info.plist */ = {isa = PBXFileReference; lastKnownFileType = text.plist.xml; path = Info.plist; sourceTree = "<group>"; };
		C17860D61D0C1A1D0087E13B /* シャッフルカードTests.xctest */ = {isa = PBXFileReference; explicitFileType = wrapper.cfbundle; includeInIndex = 0; path = "シャッフルカードTests.xctest"; sourceTree = BUILT_PRODUCTS_DIR; };
		C17860DA1D0C1A1D0087E13B /* _________Tests.swift */ = {isa = PBXFileReference; lastKnownFileType = sourcecode.swift; path = "_________Tests.swift"; sourceTree = "<group>"; };
		C17860DC1D0C1A1D0087E13B /* Info.plist */ = {isa = PBXFileReference; lastKnownFileType = text.plist.xml; path = Info.plist; sourceTree = "<group>"; };
		C17860E11D0C1A1D0087E13B /* シャッフルカードUITests.xctest */ = {isa = PBXFileReference; explicitFileType = wrapper.cfbundle; includeInIndex = 0; path = "シャッフルカードUITests.xctest"; sourceTree = BUILT_PRODUCTS_DIR; };
		C17860E51D0C1A1D0087E13B /* _________UITests.swift */ = {isa = PBXFileReference; lastKnownFileType = sourcecode.swift; path = "_________UITests.swift"; sourceTree = "<group>"; };
		C17860E71D0C1A1D0087E13B /* Info.plist */ = {isa = PBXFileReference; lastKnownFileType = text.plist.xml; path = Info.plist; sourceTree = "<group>"; };
/* End PBXFileReference section */

/* Begin PBXFrameworksBuildPhase section */
		C17860BF1D0C1A1D0087E13B /* Frameworks */ = {
			isa = PBXFrameworksBuildPhase;
			buildActionMask = 2147483647;
			files = (
			);
			runOnlyForDeploymentPostprocessing = 0;
		};
		C17860D31D0C1A1D0087E13B /* Frameworks */ = {
			isa = PBXFrameworksBuildPhase;
			buildActionMask = 2147483647;
			files = (
			);
			runOnlyForDeploymentPostprocessing = 0;
		};
		C17860DE1D0C1A1D0087E13B /* Frameworks */ = {
			isa = PBXFrameworksBuildPhase;
			buildActionMask = 2147483647;
			files = (
			);
			runOnlyForDeploymentPostprocessing = 0;
		};
/* End PBXFrameworksBuildPhase section */

/* Begin PBXGroup section */
		C17860B91D0C1A1C0087E13B = {
			isa = PBXGroup;
			children = (
				C17860C41D0C1A1D0087E13B /* シャッフルカード */,
				C17860D91D0C1A1D0087E13B /* シャッフルカードTests */,
				C17860E41D0C1A1D0087E13B /* シャッフルカードUITests */,
				C17860C31D0C1A1D0087E13B /* Products */,
			);
			sourceTree = "<group>";
		};
		C17860C31D0C1A1D0087E13B /* Products */ = {
			isa = PBXGroup;
			children = (
				C17860C21D0C1A1D0087E13B /* シャッフルカード.app */,
				C17860D61D0C1A1D0087E13B /* シャッフルカードTests.xctest */,
				C17860E11D0C1A1D0087E13B /* シャッフルカードUITests.xctest */,
			);
			name = Products;
			sourceTree = "<group>";
		};
		C17860C41D0C1A1D0087E13B /* シャッフルカード */ = {
			isa = PBXGroup;
			children = (
				C17860C51D0C1A1D0087E13B /* AppDelegate.swift */,
				C17860C71D0C1A1D0087E13B /* ViewController.swift */,
				C17860C91D0C1A1D0087E13B /* Main.storyboard */,
				C17860CC1D0C1A1D0087E13B /* Assets.xcassets */,
				C17860CE1D0C1A1D0087E13B /* LaunchScreen.storyboard */,
				C17860D11D0C1A1D0087E13B /* Info.plist */,
			);
			path = "シャッフルカード";
			sourceTree = "<group>";
		};
		C17860D91D0C1A1D0087E13B /* シャッフルカードTests */ = {
			isa = PBXGroup;
			children = (
				C17860DA1D0C1A1D0087E13B /* _________Tests.swift */,
				C17860DC1D0C1A1D0087E13B /* Info.plist */,
			);
			path = "シャッフルカードTests";
			sourceTree = "<group>";
		};
		C17860E41D0C1A1D0087E13B /* シャッフルカードUITests */ = {
			isa = PBXGroup;
			children = (
				C17860E51D0C1A1D0087E13B /* _________UITests.swift */,
				C17860E71D0C1A1D0087E13B /* Info.plist */,
			);
			path = "シャッフルカードUITests";
			sourceTree = "<group>";
		};
/* End PBXGroup section */

/* Begin PBXNativeTarget section */
		C17860C11D0C1A1D0087E13B /* シャッフルカード */ = {
			isa = PBXNativeTarget;
			buildConfigurationList = C17860EA1D0C1A1D0087E13B /* Build configuration list for PBXNativeTarget "シャッフルカード" */;
			buildPhases = (
				C17860BE1D0C1A1D0087E13B /* Sources */,
				C17860BF1D0C1A1D0087E13B /* Frameworks */,
				C17860C01D0C1A1D0087E13B /* Resources */,
			);
			buildRules = (
			);
			dependencies = (
			);
			name = "シャッフルカード";
			productName = "シャッフルカード";
			productReference = C17860C21D0C1A1D0087E13B /* シャッフルカード.app */;
			productType = "com.apple.product-type.application";
		};
		C17860D51D0C1A1D0087E13B /* シャッフルカードTests */ = {
			isa = PBXNativeTarget;
			buildConfigurationList = C17860ED1D0C1A1D0087E13B /* Build configuration list for PBXNativeTarget "シャッフルカードTests" */;
			buildPhases = (
				C17860D21D0C1A1D0087E13B /* Sources */,
				C17860D31D0C1A1D0087E13B /* Frameworks */,
				C17860D41D0C1A1D0087E13B /* Resources */,
			);
			buildRules = (
			);
			dependencies = (
				C17860D81D0C1A1D0087E13B /* PBXTargetDependency */,
			);
			name = "シャッフルカードTests";
			productName = "シャッフルカードTests";
			productReference = C17860D61D0C1A1D0087E13B /* シャッフルカードTests.xctest */;
			productType = "com.apple.product-type.bundle.unit-test";
		};
		C17860E01D0C1A1D0087E13B /* シャッフルカードUITests */ = {
			isa = PBXNativeTarget;
			buildConfigurationList = C17860F01D0C1A1D0087E13B /* Build configuration list for PBXNativeTarget "シャッフルカードUITests" */;
			buildPhases = (
				C17860DD1D0C1A1D0087E13B /* Sources */,
				C17860DE1D0C1A1D0087E13B /* Frameworks */,
				C17860DF1D0C1A1D0087E13B /* Resources */,
			);
			buildRules = (
			);
			dependencies = (
				C17860E31D0C1A1D0087E13B /* PBXTargetDependency */,
			);
			name = "シャッフルカードUITests";
			productName = "シャッフルカードUITests";
			productReference = C17860E11D0C1A1D0087E13B /* シャッフルカードUITests.xctest */;
			productType = "com.apple.product-type.bundle.ui-testing";
		};
/* End PBXNativeTarget section */

/* Begin PBXProject section */
		C17860BA1D0C1A1C0087E13B /* Project object */ = {
			isa = PBXProject;
			attributes = {
				LastSwiftUpdateCheck = 0730;
				LastUpgradeCheck = 0730;
				ORGANIZATIONNAME = "SPiCE KREAM";
				TargetAttributes = {
					C17860C11D0C1A1D0087E13B = {
						CreatedOnToolsVersion = 7.3.1;
					};
					C17860D51D0C1A1D0087E13B = {
						CreatedOnToolsVersion = 7.3.1;
						TestTargetID = C17860C11D0C1A1D0087E13B;
					};
					C17860E01D0C1A1D0087E13B = {
						CreatedOnToolsVersion = 7.3.1;
						TestTargetID = C17860C11D0C1A1D0087E13B;
					};
				};
			};
			buildConfigurationList = C17860BD1D0C1A1D0087E13B /* Build configuration list for PBXProject "シャッフルカード" */;
			compatibilityVersion = "Xcode 3.2";
			developmentRegion = English;
			hasScannedForEncodings = 0;
			knownRegions = (
				en,
				Base,
			);
			mainGroup = C17860B91D0C1A1C0087E13B;
			productRefGroup = C17860C31D0C1A1D0087E13B /* Products */;
			projectDirPath = "";
			projectRoot = "";
			targets = (
				C17860C11D0C1A1D0087E13B /* シャッフルカード */,
				C17860D51D0C1A1D0087E13B /* シャッフルカードTests */,
				C17860E01D0C1A1D0087E13B /* シャッフルカードUITests */,
			);
		};
/* End PBXProject section */

/* Begin PBXResourcesBuildPhase section */
		C17860C01D0C1A1D0087E13B /* Resources */ = {
			isa = PBXResourcesBuildPhase;
			buildActionMask = 2147483647;
			files = (
				C17860D01D0C1A1D0087E13B /* LaunchScreen.storyboard in Resources */,
				C17860CD1D0C1A1D0087E13B /* Assets.xcassets in Resources */,
				C17860CB1D0C1A1D0087E13B /* Main.storyboard in Resources */,
			);
			runOnlyForDeploymentPostprocessing = 0;
		};
		C17860D41D0C1A1D0087E13B /* Resources */ = {
			isa = PBXResourcesBuildPhase;
			buildActionMask = 2147483647;
			files = (
			);
			runOnlyForDeploymentPostprocessing = 0;
		};
		C17860DF1D0C1A1D0087E13B /* Resources */ = {
			isa = PBXResourcesBuildPhase;
			buildActionMask = 2147483647;
			files = (
			);
			runOnlyForDeploymentPostprocessing = 0;
		};
/* End PBXResourcesBuildPhase section */

/* Begin PBXSourcesBuildPhase section */
		C17860BE1D0C1A1D0087E13B /* Sources */ = {
			isa = PBXSourcesBuildPhase;
			buildActionMask = 2147483647;
			files = (
				C17860C81D0C1A1D0087E13B /* ViewController.swift in Sources */,
				C17860C61D0C1A1D0087E13B /* AppDelegate.swift in Sources */,
			);
			runOnlyForDeploymentPostprocessing = 0;
		};
		C17860D21D0C1A1D0087E13B /* Sources */ = {
			isa = PBXSourcesBuildPhase;
			buildActionMask = 2147483647;
			files = (
				C17860DB1D0C1A1D0087E13B /* _________Tests.swift in Sources */,
			);
			runOnlyForDeploymentPostprocessing = 0;
		};
		C17860DD1D0C1A1D0087E13B /* Sources */ = {
			isa = PBXSourcesBuildPhase;
			buildActionMask = 2147483647;
			files = (
				C17860E61D0C1A1D0087E13B /* _________UITests.swift in Sources */,
			);
			runOnlyForDeploymentPostprocessing = 0;
		};
/* End PBXSourcesBuildPhase section */

/* Begin PBXTargetDependency section */
		C17860D81D0C1A1D0087E13B /* PBXTargetDependency */ = {
			isa = PBXTargetDependency;
			target = C17860C11D0C1A1D0087E13B /* シャッフルカード */;
			targetProxy = C17860D71D0C1A1D0087E13B /* PBXContainerItemProxy */;
		};
		C17860E31D0C1A1D0087E13B /* PBXTargetDependency */ = {
			isa = PBXTargetDependency;
			target = C17860C11D0C1A1D0087E13B /* シャッフルカード */;
			targetProxy = C17860E21D0C1A1D0087E13B /* PBXContainerItemProxy */;
		};
/* End PBXTargetDependency section */

/* Begin PBXVariantGroup section */
		C17860C91D0C1A1D0087E13B /* Main.storyboard */ = {
			isa = PBXVariantGroup;
			children = (
				C17860CA1D0C1A1D0087E13B /* Base */,
			);
			name = Main.storyboard;
			sourceTree = "<group>";
		};
		C17860CE1D0C1A1D0087E13B /* LaunchScreen.storyboard */ = {
			isa = PBXVariantGroup;
			children = (
				C17860CF1D0C1A1D0087E13B /* Base */,
			);
			name = LaunchScreen.storyboard;
			sourceTree = "<group>";
		};
/* End PBXVariantGroup section */

/* Begin XCBuildConfiguration section */
		C17860E81D0C1A1D0087E13B /* Debug */ = {
			isa = XCBuildConfiguration;
			buildSettings = {
				ALWAYS_SEARCH_USER_PATHS = NO;
				CLANG_ANALYZER_NONNULL = YES;
				CLANG_CXX_LANGUAGE_STANDARD = "gnu++0x";
				CLANG_CXX_LIBRARY = "libc++";
				CLANG_ENABLE_MODULES = YES;
				CLANG_ENABLE_OBJC_ARC = YES;
				CLANG_WARN_BOOL_CONVERSION = YES;
				CLANG_WARN_CONSTANT_CONVERSION = YES;
				CLANG_WARN_DIRECT_OBJC_ISA_USAGE = YES_ERROR;
				CLANG_WARN_EMPTY_BODY = YES;
				CLANG_WARN_ENUM_CONVERSION = YES;
				CLANG_WARN_INT_CONVERSION = YES;
				CLANG_WARN_OBJC_ROOT_CLASS = YES_ERROR;
				CLANG_WARN_UNREACHABLE_CODE = YES;
				CLANG_WARN__DUPLICATE_METHOD_MATCH = YES;
				"CODE_SIGN_IDENTITY[sdk=iphoneos*]" = "iPhone Developer";
				COPY_PHASE_STRIP = NO;
				DEBUG_INFORMATION_FORMAT = dwarf;
				ENABLE_STRICT_OBJC_MSGSEND = YES;
				ENABLE_TESTABILITY = YES;
				GCC_C_LANGUAGE_STANDARD = gnu99;
				GCC_DYNAMIC_NO_PIC = NO;
				GCC_NO_COMMON_BLOCKS = YES;
				GCC_OPTIMIZATION_LEVEL = 0;
				GCC_PREPROCESSOR_DEFINITIONS = (
					"DEBUG=1",
					"$(inherited)",
				);
				GCC_WARN_64_TO_32_BIT_CONVERSION = YES;
				GCC_WARN_ABOUT_RETURN_TYPE = YES_ERROR;
				GCC_WARN_UNDECLARED_SELECTOR = YES;
				GCC_WARN_UNINITIALIZED_AUTOS = YES_AGGRESSIVE;
				GCC_WARN_UNUSED_FUNCTION = YES;
				GCC_WARN_UNUSED_VARIABLE = YES;
				IPHONEOS_DEPLOYMENT_TARGET = 9.3;
				MTL_ENABLE_DEBUG_INFO = YES;
				ONLY_ACTIVE_ARCH = YES;
				SDKROOT = iphoneos;
				SWIFT_OPTIMIZATION_LEVEL = "-Onone";
			};
			name = Debug;
		};
		C17860E91D0C1A1D0087E13B /* Release */ = {
			isa = XCBuildConfiguration;
			buildSettings = {
				ALWAYS_SEARCH_USER_PATHS = NO;
				CLANG_ANALYZER_NONNULL = YES;
				CLANG_CXX_LANGUAGE_STANDARD = "gnu++0x";
				CLANG_CXX_LIBRARY = "libc++";
				CLANG_ENABLE_MODULES = YES;
				CLANG_ENABLE_OBJC_ARC = YES;
				CLANG_WARN_BOOL_CONVERSION = YES;
				CLANG_WARN_CONSTANT_CONVERSION = YES;
				CLANG_WARN_DIRECT_OBJC_ISA_USAGE = YES_ERROR;
				CLANG_WARN_EMPTY_BODY = YES;
				CLANG_WARN_ENUM_CONVERSION = YES;
				CLANG_WARN_INT_CONVERSION = YES;
				CLANG_WARN_OBJC_ROOT_CLASS = YES_ERROR;
				CLANG_WARN_UNREACHABLE_CODE = YES;
				CLANG_WARN__DUPLICATE_METHOD_MATCH = YES;
				"CODE_SIGN_IDENTITY[sdk=iphoneos*]" = "iPhone Developer";
				COPY_PHASE_STRIP = NO;
				DEBUG_INFORMATION_FORMAT = "dwarf-with-dsym";
				ENABLE_NS_ASSERTIONS = NO;
				ENABLE_STRICT_OBJC_MSGSEND = YES;
				GCC_C_LANGUAGE_STANDARD = gnu99;
				GCC_NO_COMMON_BLOCKS = YES;
				GCC_WARN_64_TO_32_BIT_CONVERSION = YES;
				GCC_WARN_ABOUT_RETURN_TYPE = YES_ERROR;
				GCC_WARN_UNDECLARED_SELECTOR = YES;
				GCC_WARN_UNINITIALIZED_AUTOS = YES_AGGRESSIVE;
				GCC_WARN_UNUSED_FUNCTION = YES;
				GCC_WARN_UNUSED_VARIABLE = YES;
				IPHONEOS_DEPLOYMENT_TARGET = 9.3;
				MTL_ENABLE_DEBUG_INFO = NO;
				SDKROOT = iphoneos;
				VALIDATE_PRODUCT = YES;
			};
			name = Release;
		};
		C17860EB1D0C1A1D0087E13B /* Debug */ = {
			isa = XCBuildConfiguration;
			buildSettings = {
				ASSETCATALOG_COMPILER_APPICON_NAME = AppIcon;
				INFOPLIST_FILE = "シャッフルカード/Info.plist";
				LD_RUNPATH_SEARCH_PATHS = "$(inherited) @executable_path/Frameworks";
				PRODUCT_BUNDLE_IDENTIFIER = "Kaoru.K.---------";
				PRODUCT_NAME = "$(TARGET_NAME)";
			};
			name = Debug;
		};
		C17860EC1D0C1A1D0087E13B /* Release */ = {
			isa = XCBuildConfiguration;
			buildSettings = {
				ASSETCATALOG_COMPILER_APPICON_NAME = AppIcon;
				INFOPLIST_FILE = "シャッフルカード/Info.plist";
				LD_RUNPATH_SEARCH_PATHS = "$(inherited) @executable_path/Frameworks";
				PRODUCT_BUNDLE_IDENTIFIER = "Kaoru.K.---------";
				PRODUCT_NAME = "$(TARGET_NAME)";
			};
			name = Release;
		};
		C17860EE1D0C1A1D0087E13B /* Debug */ = {
			isa = XCBuildConfiguration;
			buildSettings = {
				BUNDLE_LOADER = "$(TEST_HOST)";
				INFOPLIST_FILE = "シャッフルカードTests/Info.plist";
				LD_RUNPATH_SEARCH_PATHS = "$(inherited) @executable_path/Frameworks @loader_path/Frameworks";
				PRODUCT_BUNDLE_IDENTIFIER = "Kaoru.K.---------Tests";
				PRODUCT_NAME = "$(TARGET_NAME)";
				TEST_HOST = "$(BUILT_PRODUCTS_DIR)/シャッフルカード.app/シャッフルカード";
			};
			name = Debug;
		};
		C17860EF1D0C1A1D0087E13B /* Release */ = {
			isa = XCBuildConfiguration;
			buildSettings = {
				BUNDLE_LOADER = "$(TEST_HOST)";
				INFOPLIST_FILE = "シャッフルカードTests/Info.plist";
				LD_RUNPATH_SEARCH_PATHS = "$(inherited) @executable_path/Frameworks @loader_path/Frameworks";
				PRODUCT_BUNDLE_IDENTIFIER = "Kaoru.K.---------Tests";
				PRODUCT_NAME = "$(TARGET_NAME)";
				TEST_HOST = "$(BUILT_PRODUCTS_DIR)/シャッフルカード.app/シャッフルカード";
			};
			name = Release;
		};
		C17860F11D0C1A1D0087E13B /* Debug */ = {
			isa = XCBuildConfiguration;
			buildSettings = {
				INFOPLIST_FILE = "シャッフルカードUITests/Info.plist";
				LD_RUNPATH_SEARCH_PATHS = "$(inherited) @executable_path/Frameworks @loader_path/Frameworks";
				PRODUCT_BUNDLE_IDENTIFIER = "Kaoru.K.---------UITests";
				PRODUCT_NAME = "$(TARGET_NAME)";
				TEST_TARGET_NAME = "シャッフルカード";
			};
			name = Debug;
		};
		C17860F21D0C1A1D0087E13B /* Release */ = {
			isa = XCBuildConfiguration;
			buildSettings = {
				INFOPLIST_FILE = "シャッフルカードUITests/Info.plist";
				LD_RUNPATH_SEARCH_PATHS = "$(inherited) @executable_path/Frameworks @loader_path/Frameworks";
				PRODUCT_BUNDLE_IDENTIFIER = "Kaoru.K.---------UITests";
				PRODUCT_NAME = "$(TARGET_NAME)";
				TEST_TARGET_NAME = "シャッフルカード";
			};
			name = Release;
		};
/* End XCBuildConfiguration section */

/* Begin XCConfigurationList section */
		C17860BD1D0C1A1D0087E13B /* Build configuration list for PBXProject "シャッフルカード" */ = {
			isa = XCConfigurationList;
			buildConfigurations = (
				C17860E81D0C1A1D0087E13B /* Debug */,
				C17860E91D0C1A1D0087E13B /* Release */,
			);
			defaultConfigurationIsVisible = 0;
			defaultConfigurationName = Release;
		};
		C17860EA1D0C1A1D0087E13B /* Build configuration list for PBXNativeTarget "シャッフルカード" */ = {
			isa = XCConfigurationList;
			buildConfigurations = (
				C17860EB1D0C1A1D0087E13B /* Debug */,
				C17860EC1D0C1A1D0087E13B /* Release */,
			);
			defaultConfigurationIsVisible = 0;
		};
		C17860ED1D0C1A1D0087E13B /* Build configuration list for PBXNativeTarget "シャッフルカードTests" */ = {
			isa = XCConfigurationList;
			buildConfigurations = (
				C17860EE1D0C1A1D0087E13B /* Debug */,
				C17860EF1D0C1A1D0087E13B /* Release */,
			);
			defaultConfigurationIsVisible = 0;
		};
		C17860F01D0C1A1D0087E13B /* Build configuration list for PBXNativeTarget "シャッフルカードUITests" */ = {
			isa = XCConfigurationList;
			buildConfigurations = (
				C17860F11D0C1A1D0087E13B /* Debug */,
				C17860F21D0C1A1D0087E13B /* Release */,
			);
			defaultConfigurationIsVisible = 0;
		};
/* End XCConfigurationList section */
	};
	rootObject = C17860BA1D0C1A1C0087E13B /* Project object */;
}
